# This file is automatically @generated by Cargo.
# It is not intended for manual editing.
version = 3

[[package]]
name = "aligned-array"
version = "1.0.1"
source = "registry+https://github.com/rust-lang/crates.io-index"
checksum = "e05c92d086290f52938013f6242ac62bf7d401fab8ad36798a609faa65c3fd2c"
dependencies = [
 "generic-array",
 "subtle",
]

[[package]]
name = "aligned-cmov"
version = "2.3.0"
source = "git+https://github.com/mobilecoinfoundation/mc-oblivious.git#42fa076dc69ec61625cbdf23f24c51a51ad7bb95"
dependencies = [
 "aligned-array",
 "generic-array",
]

[[package]]
name = "generic-array"
version = "0.14.7"
source = "registry+https://github.com/rust-lang/crates.io-index"
checksum = "85649ca51fd72272d7821adaf274ad91c288277713d9c18820d8499a7ff69e9a"
dependencies = [
 "typenum",
 "version_check",
]

[[package]]
name = "private-inclusion-proofs"
version = "0.1.0"
dependencies = [
 "aligned-cmov",
]

[[package]]
name = "subtle"
version = "2.5.0"
source = "registry+https://github.com/rust-lang/crates.io-index"
checksum = "81cdd64d312baedb58e21336b31bc043b77e01cc99033ce76ef539f78e965ebc"

[[package]]
name = "typenum"
version = "1.17.0"
source = "registry+https://github.com/rust-lang/crates.io-index"
checksum = "42ff0bf0c66b8238c6f3b578df37d0b7848e55df8577b3f74f92a69acceeb825"

[[package]]
name = "version_check"
version = "0.9.4"
source = "registry+https://github.com/rust-lang/crates.io-index"
checksum = "49874b5167b65d7193b8aba1567f5c7d93d001cafc34600cee003eda787e483f"
